// !$*UTF8*$!
{
	archiveVersion = 1;
	classes = {
	};
	objectVersion = 50;
	objects = {

/* Begin PBXBuildFile section */
		AB63D81620E8F38A00343EC0 /* OnboardingPageFirstViewController.swift in Sources */ = {isa = PBXBuildFile; fileRef = AB63D81520E8F38A00343EC0 /* OnboardingPageFirstViewController.swift */; };
		AB63D81920E9090600343EC0 /* Localizable.strings in Resources */ = {isa = PBXBuildFile; fileRef = AB63D81B20E9090600343EC0 /* Localizable.strings */; };
		AB63D81F20E92CBB00343EC0 /* OnboardingPageSecondViewController.swift in Sources */ = {isa = PBXBuildFile; fileRef = AB63D81E20E92CBB00343EC0 /* OnboardingPageSecondViewController.swift */; };
		ABC0B73520E7006E000A1FCF /* OnboardingViewController.swift in Sources */ = {isa = PBXBuildFile; fileRef = ABC0B73420E7006E000A1FCF /* OnboardingViewController.swift */; };
		ABD373CD20E9A7A900246CE1 /* AuthLoginSignupViewController.swift in Sources */ = {isa = PBXBuildFile; fileRef = ABD373CC20E9A7A900246CE1 /* AuthLoginSignupViewController.swift */; };
		ABDAE19920E9525A008DB500 /* OnboardingPageThirdViewController.swift in Sources */ = {isa = PBXBuildFile; fileRef = ABDAE19820E9525A008DB500 /* OnboardingPageThirdViewController.swift */; };
		ABDAE19C20E95327008DB500 /* LoadViewController.swift in Sources */ = {isa = PBXBuildFile; fileRef = ABDAE19B20E95327008DB500 /* LoadViewController.swift */; };
		ABE4CA5820E66500005185C7 /* AppDelegate.swift in Sources */ = {isa = PBXBuildFile; fileRef = ABE4CA5720E66500005185C7 /* AppDelegate.swift */; };
		ABE4CA5D20E66500005185C7 /* Main.storyboard in Resources */ = {isa = PBXBuildFile; fileRef = ABE4CA5B20E66500005185C7 /* Main.storyboard */; };
		ABE4CA5F20E66502005185C7 /* Assets.xcassets in Resources */ = {isa = PBXBuildFile; fileRef = ABE4CA5E20E66502005185C7 /* Assets.xcassets */; };
		ABE4CA6220E66502005185C7 /* LaunchScreen.storyboard in Resources */ = {isa = PBXBuildFile; fileRef = ABE4CA6020E66502005185C7 /* LaunchScreen.storyboard */; };
		ABE4CA6B20E66A8A005185C7 /* OnboardingPageViewController.swift in Sources */ = {isa = PBXBuildFile; fileRef = ABE4CA6A20E66A8A005185C7 /* OnboardingPageViewController.swift */; };
/* End PBXBuildFile section */

/* Begin PBXFileReference section */
		AB63D81520E8F38A00343EC0 /* OnboardingPageFirstViewController.swift */ = {isa = PBXFileReference; lastKnownFileType = sourcecode.swift; path = OnboardingPageFirstViewController.swift; sourceTree = "<group>"; };
		AB63D81A20E9090600343EC0 /* es */ = {isa = PBXFileReference; lastKnownFileType = text.plist.strings; name = es; path = es.lproj/Localizable.strings; sourceTree = "<group>"; };
		AB63D81C20E9090A00343EC0 /* ca */ = {isa = PBXFileReference; lastKnownFileType = text.plist.strings; name = ca; path = ca.lproj/Localizable.strings; sourceTree = "<group>"; };
		AB63D81D20E909A000343EC0 /* Base */ = {isa = PBXFileReference; lastKnownFileType = text.plist.strings; name = Base; path = Base.lproj/Localizable.strings; sourceTree = "<group>"; };
		AB63D81E20E92CBB00343EC0 /* OnboardingPageSecondViewController.swift */ = {isa = PBXFileReference; lastKnownFileType = sourcecode.swift; path = OnboardingPageSecondViewController.swift; sourceTree = "<group>"; };
		ABC0B73420E7006E000A1FCF /* OnboardingViewController.swift */ = {isa = PBXFileReference; lastKnownFileType = sourcecode.swift; path = OnboardingViewController.swift; sourceTree = "<group>"; };
		ABD373CC20E9A7A900246CE1 /* AuthLoginSignupViewController.swift */ = {isa = PBXFileReference; lastKnownFileType = sourcecode.swift; path = AuthLoginSignupViewController.swift; sourceTree = "<group>"; };
		ABDAE19820E9525A008DB500 /* OnboardingPageThirdViewController.swift */ = {isa = PBXFileReference; lastKnownFileType = sourcecode.swift; path = OnboardingPageThirdViewController.swift; sourceTree = "<group>"; };
		ABDAE19B20E95327008DB500 /* LoadViewController.swift */ = {isa = PBXFileReference; lastKnownFileType = sourcecode.swift; path = LoadViewController.swift; sourceTree = "<group>"; };
		ABE4CA5420E66500005185C7 /* bnc10.app */ = {isa = PBXFileReference; explicitFileType = wrapper.application; includeInIndex = 0; path = bnc10.app; sourceTree = BUILT_PRODUCTS_DIR; };
		ABE4CA5720E66500005185C7 /* AppDelegate.swift */ = {isa = PBXFileReference; lastKnownFileType = sourcecode.swift; path = AppDelegate.swift; sourceTree = "<group>"; };
		ABE4CA5C20E66500005185C7 /* Base */ = {isa = PBXFileReference; lastKnownFileType = file.storyboard; name = Base; path = Base.lproj/Main.storyboard; sourceTree = "<group>"; };
		ABE4CA5E20E66502005185C7 /* Assets.xcassets */ = {isa = PBXFileReference; lastKnownFileType = folder.assetcatalog; path = Assets.xcassets; sourceTree = "<group>"; };
		ABE4CA6120E66502005185C7 /* Base */ = {isa = PBXFileReference; lastKnownFileType = file.storyboard; name = Base; path = Base.lproj/LaunchScreen.storyboard; sourceTree = "<group>"; };
		ABE4CA6320E66502005185C7 /* Info.plist */ = {isa = PBXFileReference; lastKnownFileType = text.plist.xml; path = Info.plist; sourceTree = "<group>"; };
		ABE4CA6A20E66A8A005185C7 /* OnboardingPageViewController.swift */ = {isa = PBXFileReference; lastKnownFileType = sourcecode.swift; path = OnboardingPageViewController.swift; sourceTree = "<group>"; };
		ABE4CA6F20E6706A005185C7 /* es */ = {isa = PBXFileReference; lastKnownFileType = text.plist.strings; name = es; path = es.lproj/Main.strings; sourceTree = "<group>"; };
		ABE4CA7020E6706A005185C7 /* es */ = {isa = PBXFileReference; lastKnownFileType = text.plist.strings; name = es; path = es.lproj/LaunchScreen.strings; sourceTree = "<group>"; };
		ABE4CA7120E67076005185C7 /* ca */ = {isa = PBXFileReference; lastKnownFileType = text.plist.strings; name = ca; path = ca.lproj/Main.strings; sourceTree = "<group>"; };
		ABE4CA7220E67076005185C7 /* ca */ = {isa = PBXFileReference; lastKnownFileType = text.plist.strings; name = ca; path = ca.lproj/LaunchScreen.strings; sourceTree = "<group>"; };
/* End PBXFileReference section */

/* Begin PBXFrameworksBuildPhase section */
		ABE4CA5120E66500005185C7 /* Frameworks */ = {
			isa = PBXFrameworksBuildPhase;
			buildActionMask = 2147483647;
			files = (
			);
			runOnlyForDeploymentPostprocessing = 0;
		};
/* End PBXFrameworksBuildPhase section */

/* Begin PBXGroup section */
		AB63D81420E8F34C00343EC0 /* pages */ = {
			isa = PBXGroup;
			children = (
				AB63D81520E8F38A00343EC0 /* OnboardingPageFirstViewController.swift */,
				AB63D81E20E92CBB00343EC0 /* OnboardingPageSecondViewController.swift */,
				ABDAE19820E9525A008DB500 /* OnboardingPageThirdViewController.swift */,
			);
			path = pages;
			sourceTree = "<group>";
		};
		ABD373CB20E9A77700246CE1 /* auth */ = {
			isa = PBXGroup;
			children = (
				ABD373CC20E9A7A900246CE1 /* AuthLoginSignupViewController.swift */,
			);
			path = auth;
			sourceTree = "<group>";
		};
		ABDAE19A20E952E9008DB500 /* load */ = {
			isa = PBXGroup;
			children = (
				ABDAE19B20E95327008DB500 /* LoadViewController.swift */,
			);
			path = load;
			sourceTree = "<group>";
		};
		ABE4CA4B20E66500005185C7 = {
			isa = PBXGroup;
			children = (
				ABE4CA5620E66500005185C7 /* bnc10 */,
				ABE4CA5520E66500005185C7 /* Products */,
			);
			sourceTree = "<group>";
		};
		ABE4CA5520E66500005185C7 /* Products */ = {
			isa = PBXGroup;
			children = (
				ABE4CA5420E66500005185C7 /* bnc10.app */,
			);
			name = Products;
			sourceTree = "<group>";
		};
		ABE4CA5620E66500005185C7 /* bnc10 */ = {
			isa = PBXGroup;
			children = (
				ABE4CA6920E66A44005185C7 /* scenes */,
				ABE4CA5720E66500005185C7 /* AppDelegate.swift */,
				ABE4CA5B20E66500005185C7 /* Main.storyboard */,
				ABE4CA5E20E66502005185C7 /* Assets.xcassets */,
				ABE4CA6020E66502005185C7 /* LaunchScreen.storyboard */,
				ABE4CA6320E66502005185C7 /* Info.plist */,
				AB63D81B20E9090600343EC0 /* Localizable.strings */,
			);
			path = bnc10;
			sourceTree = "<group>";
		};
		ABE4CA6920E66A44005185C7 /* scenes */ = {
			isa = PBXGroup;
			children = (
				ABD373CB20E9A77700246CE1 /* auth */,
				ABDAE19A20E952E9008DB500 /* load */,
				ABE4CA6C20E66A8F005185C7 /* onboarding */,
			);
			path = scenes;
			sourceTree = "<group>";
		};
		ABE4CA6C20E66A8F005185C7 /* onboarding */ = {
			isa = PBXGroup;
			children = (
				AB63D81420E8F34C00343EC0 /* pages */,
				ABE4CA6A20E66A8A005185C7 /* OnboardingPageViewController.swift */,
				ABC0B73420E7006E000A1FCF /* OnboardingViewController.swift */,
			);
			path = onboarding;
			sourceTree = "<group>";
		};
/* End PBXGroup section */

/* Begin PBXNativeTarget section */
		ABE4CA5320E66500005185C7 /* bnc10 */ = {
			isa = PBXNativeTarget;
			buildConfigurationList = ABE4CA6620E66502005185C7 /* Build configuration list for PBXNativeTarget "bnc10" */;
			buildPhases = (
				ABE4CA5020E66500005185C7 /* Sources */,
				ABE4CA5120E66500005185C7 /* Frameworks */,
				ABE4CA5220E66500005185C7 /* Resources */,
			);
			buildRules = (
			);
			dependencies = (
			);
			name = bnc10;
			productName = bnc10;
			productReference = ABE4CA5420E66500005185C7 /* bnc10.app */;
			productType = "com.apple.product-type.application";
		};
/* End PBXNativeTarget section */

/* Begin PBXProject section */
		ABE4CA4C20E66500005185C7 /* Project object */ = {
			isa = PBXProject;
			attributes = {
				LastSwiftUpdateCheck = 0940;
				LastUpgradeCheck = 0940;
				ORGANIZATIONNAME = "Ramón HC";
				TargetAttributes = {
					ABE4CA5320E66500005185C7 = {
						CreatedOnToolsVersion = 9.4.1;
					};
				};
			};
			buildConfigurationList = ABE4CA4F20E66500005185C7 /* Build configuration list for PBXProject "bnc10" */;
			compatibilityVersion = "Xcode 9.3";
			developmentRegion = en;
			hasScannedForEncodings = 0;
			knownRegions = (
				Base,
				ca,
			);
			mainGroup = ABE4CA4B20E66500005185C7;
			productRefGroup = ABE4CA5520E66500005185C7 /* Products */;
			projectDirPath = "";
			projectRoot = "";
			targets = (
				ABE4CA5320E66500005185C7 /* bnc10 */,
			);
		};
/* End PBXProject section */

/* Begin PBXResourcesBuildPhase section */
		ABE4CA5220E66500005185C7 /* Resources */ = {
			isa = PBXResourcesBuildPhase;
			buildActionMask = 2147483647;
			files = (
				ABE4CA6220E66502005185C7 /* LaunchScreen.storyboard in Resources */,
				AB63D81920E9090600343EC0 /* Localizable.strings in Resources */,
				ABE4CA5F20E66502005185C7 /* Assets.xcassets in Resources */,
				ABE4CA5D20E66500005185C7 /* Main.storyboard in Resources */,
			);
			runOnlyForDeploymentPostprocessing = 0;
		};
/* End PBXResourcesBuildPhase section */

/* Begin PBXSourcesBuildPhase section */
		ABE4CA5020E66500005185C7 /* Sources */ = {
			isa = PBXSourcesBuildPhase;
			buildActionMask = 2147483647;
			files = (
				ABD373CD20E9A7A900246CE1 /* AuthLoginSignupViewController.swift in Sources */,
				ABDAE19920E9525A008DB500 /* OnboardingPageThirdViewController.swift in Sources */,
				ABE4CA6B20E66A8A005185C7 /* OnboardingPageViewController.swift in Sources */,
				ABDAE19C20E95327008DB500 /* LoadViewController.swift in Sources */,
				AB63D81620E8F38A00343EC0 /* OnboardingPageFirstViewController.swift in Sources */,
				ABE4CA5820E66500005185C7 /* AppDelegate.swift in Sources */,
				ABC0B73520E7006E000A1FCF /* OnboardingViewController.swift in Sources */,
				AB63D81F20E92CBB00343EC0 /* OnboardingPageSecondViewController.swift in Sources */,
			);
			runOnlyForDeploymentPostprocessing = 0;
		};
/* End PBXSourcesBuildPhase section */

/* Begin PBXVariantGroup section */
		AB63D81B20E9090600343EC0 /* Localizable.strings */ = {
			isa = PBXVariantGroup;
			children = (
				AB63D81A20E9090600343EC0 /* es */,
				AB63D81C20E9090A00343EC0 /* ca */,
				AB63D81D20E909A000343EC0 /* Base */,
			);
			name = Localizable.strings;
			sourceTree = "<group>";
		};
		ABE4CA5B20E66500005185C7 /* Main.storyboard */ = {
			isa = PBXVariantGroup;
			children = (
				ABE4CA5C20E66500005185C7 /* Base */,
				ABE4CA6F20E6706A005185C7 /* es */,
				ABE4CA7120E67076005185C7 /* ca */,
			);
			name = Main.storyboard;
			sourceTree = "<group>";
		};
		ABE4CA6020E66502005185C7 /* LaunchScreen.storyboard */ = {
			isa = PBXVariantGroup;
			children = (
				ABE4CA6120E66502005185C7 /* Base */,
				ABE4CA7020E6706A005185C7 /* es */,
				ABE4CA7220E67076005185C7 /* ca */,
			);
			name = LaunchScreen.storyboard;
			sourceTree = "<group>";
		};
/* End PBXVariantGroup section */

/* Begin XCBuildConfiguration section */
		ABE4CA6420E66502005185C7 /* Debug */ = {
			isa = XCBuildConfiguration;
			buildSettings = {
				ALWAYS_SEARCH_USER_PATHS = NO;
				CLANG_ANALYZER_LOCALIZABILITY_NONLOCALIZED = YES;
				CLANG_ANALYZER_NONNULL = YES;
				CLANG_ANALYZER_NUMBER_OBJECT_CONVERSION = YES_AGGRESSIVE;
				CLANG_CXX_LANGUAGE_STANDARD = "gnu++14";
				CLANG_CXX_LIBRARY = "libc++";
				CLANG_ENABLE_MODULES = YES;
				CLANG_ENABLE_OBJC_ARC = YES;
				CLANG_ENABLE_OBJC_WEAK = YES;
				CLANG_WARN_BLOCK_CAPTURE_AUTORELEASING = YES;
				CLANG_WARN_BOOL_CONVERSION = YES;
				CLANG_WARN_COMMA = YES;
				CLANG_WARN_CONSTANT_CONVERSION = YES;
				CLANG_WARN_DEPRECATED_OBJC_IMPLEMENTATIONS = YES;
				CLANG_WARN_DIRECT_OBJC_ISA_USAGE = YES_ERROR;
				CLANG_WARN_DOCUMENTATION_COMMENTS = YES;
				CLANG_WARN_EMPTY_BODY = YES;
				CLANG_WARN_ENUM_CONVERSION = YES;
				CLANG_WARN_INFINITE_RECURSION = YES;
				CLANG_WARN_INT_CONVERSION = YES;
				CLANG_WARN_NON_LITERAL_NULL_CONVERSION = YES;
				CLANG_WARN_OBJC_IMPLICIT_RETAIN_SELF = YES;
				CLANG_WARN_OBJC_LITERAL_CONVERSION = YES;
				CLANG_WARN_OBJC_ROOT_CLASS = YES_ERROR;
				CLANG_WARN_RANGE_LOOP_ANALYSIS = YES;
				CLANG_WARN_STRICT_PROTOTYPES = YES;
				CLANG_WARN_SUSPICIOUS_MOVE = YES;
				CLANG_WARN_UNGUARDED_AVAILABILITY = YES_AGGRESSIVE;
				CLANG_WARN_UNREACHABLE_CODE = YES;
				CLANG_WARN__DUPLICATE_METHOD_MATCH = YES;
				CODE_SIGN_IDENTITY = "iPhone Developer";
				COPY_PHASE_STRIP = NO;
				DEBUG_INFORMATION_FORMAT = dwarf;
				ENABLE_STRICT_OBJC_MSGSEND = YES;
				ENABLE_TESTABILITY = YES;
				GCC_C_LANGUAGE_STANDARD = gnu11;
				GCC_DYNAMIC_NO_PIC = NO;
				GCC_NO_COMMON_BLOCKS = YES;
				GCC_OPTIMIZATION_LEVEL = 0;
				GCC_PREPROCESSOR_DEFINITIONS = (
					"DEBUG=1",
					"$(inherited)",
				);
				GCC_WARN_64_TO_32_BIT_CONVERSION = YES;
				GCC_WARN_ABOUT_RETURN_TYPE = YES_ERROR;
				GCC_WARN_UNDECLARED_SELECTOR = YES;
				GCC_WARN_UNINITIALIZED_AUTOS = YES_AGGRESSIVE;
				GCC_WARN_UNUSED_FUNCTION = YES;
				GCC_WARN_UNUSED_VARIABLE = YES;
				IPHONEOS_DEPLOYMENT_TARGET = 11.4;
				MTL_ENABLE_DEBUG_INFO = YES;
				ONLY_ACTIVE_ARCH = YES;
				SDKROOT = iphoneos;
				SWIFT_ACTIVE_COMPILATION_CONDITIONS = DEBUG;
				SWIFT_OPTIMIZATION_LEVEL = "-Onone";
			};
			name = Debug;
		};
		ABE4CA6520E66502005185C7 /* Release */ = {
			isa = XCBuildConfiguration;
			buildSettings = {
				ALWAYS_SEARCH_USER_PATHS = NO;
				CLANG_ANALYZER_LOCALIZABILITY_NONLOCALIZED = YES;
				CLANG_ANALYZER_NONNULL = YES;
				CLANG_ANALYZER_NUMBER_OBJECT_CONVERSION = YES_AGGRESSIVE;
				CLANG_CXX_LANGUAGE_STANDARD = "gnu++14";
				CLANG_CXX_LIBRARY = "libc++";
				CLANG_ENABLE_MODULES = YES;
				CLANG_ENABLE_OBJC_ARC = YES;
				CLANG_ENABLE_OBJC_WEAK = YES;
				CLANG_WARN_BLOCK_CAPTURE_AUTORELEASING = YES;
				CLANG_WARN_BOOL_CONVERSION = YES;
				CLANG_WARN_COMMA = YES;
				CLANG_WARN_CONSTANT_CONVERSION = YES;
				CLANG_WARN_DEPRECATED_OBJC_IMPLEMENTATIONS = YES;
				CLANG_WARN_DIRECT_OBJC_ISA_USAGE = YES_ERROR;
				CLANG_WARN_DOCUMENTATION_COMMENTS = YES;
				CLANG_WARN_EMPTY_BODY = YES;
				CLANG_WARN_ENUM_CONVERSION = YES;
				CLANG_WARN_INFINITE_RECURSION = YES;
				CLANG_WARN_INT_CONVERSION = YES;
				CLANG_WARN_NON_LITERAL_NULL_CONVERSION = YES;
				CLANG_WARN_OBJC_IMPLICIT_RETAIN_SELF = YES;
				CLANG_WARN_OBJC_LITERAL_CONVERSION = YES;
				CLANG_WARN_OBJC_ROOT_CLASS = YES_ERROR;
				CLANG_WARN_RANGE_LOOP_ANALYSIS = YES;
				CLANG_WARN_STRICT_PROTOTYPES = YES;
				CLANG_WARN_SUSPICIOUS_MOVE = YES;
				CLANG_WARN_UNGUARDED_AVAILABILITY = YES_AGGRESSIVE;
				CLANG_WARN_UNREACHABLE_CODE = YES;
				CLANG_WARN__DUPLICATE_METHOD_MATCH = YES;
				CODE_SIGN_IDENTITY = "iPhone Developer";
				COPY_PHASE_STRIP = NO;
				DEBUG_INFORMATION_FORMAT = "dwarf-with-dsym";
				ENABLE_NS_ASSERTIONS = NO;
				ENABLE_STRICT_OBJC_MSGSEND = YES;
				GCC_C_LANGUAGE_STANDARD = gnu11;
				GCC_NO_COMMON_BLOCKS = YES;
				GCC_WARN_64_TO_32_BIT_CONVERSION = YES;
				GCC_WARN_ABOUT_RETURN_TYPE = YES_ERROR;
				GCC_WARN_UNDECLARED_SELECTOR = YES;
				GCC_WARN_UNINITIALIZED_AUTOS = YES_AGGRESSIVE;
				GCC_WARN_UNUSED_FUNCTION = YES;
				GCC_WARN_UNUSED_VARIABLE = YES;
				IPHONEOS_DEPLOYMENT_TARGET = 11.4;
				MTL_ENABLE_DEBUG_INFO = NO;
				SDKROOT = iphoneos;
				SWIFT_COMPILATION_MODE = wholemodule;
				SWIFT_OPTIMIZATION_LEVEL = "-O";
				VALIDATE_PRODUCT = YES;
			};
			name = Release;
		};
		ABE4CA6720E66502005185C7 /* Debug */ = {
			isa = XCBuildConfiguration;
			buildSettings = {
				ASSETCATALOG_COMPILER_APPICON_NAME = AppIcon;
				CODE_SIGN_STYLE = Automatic;
				DEVELOPMENT_TEAM = JL8M2G4XX3;
				INFOPLIST_FILE = bnc10/Info.plist;
				LD_RUNPATH_SEARCH_PATHS = (
					"$(inherited)",
					"@executable_path/Frameworks",
				);
				PRODUCT_BUNDLE_IDENTIFIER = iwok.bnc10;
				PRODUCT_NAME = "$(TARGET_NAME)";
				SWIFT_VERSION = 4.0;
				TARGETED_DEVICE_FAMILY = "1,2";
			};
			name = Debug;
		};
		ABE4CA6820E66502005185C7 /* Release */ = {
			isa = XCBuildConfiguration;
			buildSettings = {
				ASSETCATALOG_COMPILER_APPICON_NAME = AppIcon;
				CODE_SIGN_STYLE = Automatic;
				DEVELOPMENT_TEAM = JL8M2G4XX3;
				INFOPLIST_FILE = bnc10/Info.plist;
				LD_RUNPATH_SEARCH_PATHS = (
					"$(inherited)",
					"@executable_path/Frameworks",
				);
				PRODUCT_BUNDLE_IDENTIFIER = iwok.bnc10;
				PRODUCT_NAME = "$(TARGET_NAME)";
				SWIFT_VERSION = 4.0;
				TARGETED_DEVICE_FAMILY = "1,2";
			};
			name = Release;
		};
/* End XCBuildConfiguration section */

/* Begin XCConfigurationList section */
		ABE4CA4F20E66500005185C7 /* Build configuration list for PBXProject "bnc10" */ = {
			isa = XCConfigurationList;
			buildConfigurations = (
				ABE4CA6420E66502005185C7 /* Debug */,
				ABE4CA6520E66502005185C7 /* Release */,
			);
			defaultConfigurationIsVisible = 0;
			defaultConfigurationName = Release;
		};
		ABE4CA6620E66502005185C7 /* Build configuration list for PBXNativeTarget "bnc10" */ = {
			isa = XCConfigurationList;
			buildConfigurations = (
				ABE4CA6720E66502005185C7 /* Debug */,
				ABE4CA6820E66502005185C7 /* Release */,
			);
			defaultConfigurationIsVisible = 0;
			defaultConfigurationName = Release;
		};
/* End XCConfigurationList section */
	};
	rootObject = ABE4CA4C20E66500005185C7 /* Project object */;
}
